<?xml version="1.0" encoding="utf-8"?>
<Project ToolsVersion="4.0" xmlns="http://schemas.microsoft.com/developer/msbuild/2003">
  <ItemGroup>
    <Filter Include="Rambutan">
      <UniqueIdentifier>{DF4F0C59-CB1C-6764-F435-550CE0619CF2}</UniqueIdentifier>
    </Filter>
    <Filter Include="Rambutan\Events">
      <UniqueIdentifier>{E38A0B1D-4F16-79E1-5827-FCD5C431D5E1}</UniqueIdentifier>
    </Filter>
  </ItemGroup>
  <ItemGroup>
    <ClInclude Include="src\Rambutan.h" />
    <ClInclude Include="src\Rambutan\Application.h">
      <Filter>Rambutan</Filter>
    </ClInclude>
    <ClInclude Include="src\Rambutan\Core.h">
      <Filter>Rambutan</Filter>
    </ClInclude>
    <ClInclude Include="src\Rambutan\EntryPoint.h">
      <Filter>Rambutan</Filter>
    </ClInclude>
    <ClInclude Include="src\Rambutan\Events\ApplicationEvent.h">
      <Filter>Rambutan\Events</Filter>
    </ClInclude>
    <ClInclude Include="src\Rambutan\Events\Event.h">
      <Filter>Rambutan\Events</Filter>
    </ClInclude>
    <ClInclude Include="src\Rambutan\Events\KeyEvent.h">
      <Filter>Rambutan\Events</Filter>
    </ClInclude>
    <ClInclude Include="src\Rambutan\Events\MouseEvent.h">
      <Filter>Rambutan\Events</Filter>
    </ClInclude>
    <ClInclude Include="src\Rambutan\Log.h">
      <Filter>Rambutan</Filter>
    </ClInclude>
    <ClInclude Include="src\rbpch.h" />
    <ClInclude Include="src\Rambutan\Window.h" />
    <ClInclude Include="src\Rambutan\Platform\WindowsWindow.h" />
  </ItemGroup>
  <ItemGroup>
    <ClCompile Include="src\Rambutan\Application.cpp">
      <Filter>Rambutan</Filter>
    </ClCompile>
    <ClCompile Include="src\Rambutan\Log.cpp">
      <Filter>Rambutan</Filter>
    </ClCompile>
    <ClCompile Include="src\rbpch.cpp" />
    <ClCompile Include="src\Rambutan\Platform\WindowsWindow.cpp" />
  </ItemGroup>
</Project>